
Microsoft Visual Studio Solution File, Format Version 12.00
# Visual Studio Version 16
VisualStudioVersion = 16.0.30104.148
MinimumVisualStudioVersion = 10.0.40219.1
Project("{FAE04EC0-301F-11D3-BF4B-00C04F79EFBC}") = "AssetExplorer", "AssetExplorer\AssetExplorer.csproj", "{4454B5E2-2B51-4E98-A74C-4FD9CDB55FA6}"
EndProject
Project("{FAE04EC0-301F-11D3-BF4B-00C04F79EFBC}") = "Jib.WPF.Controls", "Jib.WPF.Controls\Jib.WPF.Controls.csproj", "{769D993C-2867-4212-BE80-B70E4862EBC5}"
EndProject
Global
	GlobalSection(SolutionConfigurationPlatforms) = preSolution
		Debug|Any CPU = Debug|Any CPU
		Release|Any CPU = Release|Any CPU
	EndGlobalSection
	GlobalSection(ProjectConfigurationPlatforms) = postSolution
		{4454B5E2-2B51-4E98-A74C-4FD9CDB55FA6}.Debug|Any CPU.ActiveCfg = Debug|Any CPU
		{4454B5E2-2B51-4E98-A74C-4FD9CDB55FA6}.Debug|Any CPU.Build.0 = Debug|Any CPU
		{4454B5E2-2B51-4E98-A74C-4FD9CDB55FA6}.Release|Any CPU.ActiveCfg = Release|Any CPU
		{4454B5E2-2B51-4E98-A74C-4FD9CDB55FA6}.Release|Any CPU.Build.0 = Release|Any CPU
		{769D993C-2867-4212-BE80-B70E4862EBC5}.Debug|Any CPU.ActiveCfg = Debug|Any CPU
		{769D993C-2867-4212-BE80-B70E4862EBC5}.Debug|Any CPU.Build.0 = Debug|Any CPU
		{769D993C-2867-4212-BE80-B70E4862EBC5}.Release|Any CPU.ActiveCfg = Release|Any CPU
		{769D993C-2867-4212-BE80-B70E4862EBC5}.Release|Any CPU.Build.0 = Release|Any CPU
	EndGlobalSection
	GlobalSection(SolutionProperties) = preSolution
		HideSolutionNode = FALSE
	EndGlobalSection
	GlobalSection(ExtensibilityGlobals) = postSolution
		SolutionGuid = {4734DE04-3128-4B08-8A13-D1FD25706DE8}
	EndGlobalSection
EndGlobal
